{
  "version": 4,
  "terraform_version": "0.14.9",
  "serial": 12,
  "lineage": "8d0021b8-1e73-fcc6-5a41-97a8535faaec",
  "outputs": {
    "password": {
      "value": "v03I2LytT4dra!|DPe+j",
      "type": "string"
    }
  },
  "resources": [
    {
      "mode": "managed",
      "type": "aws_iam_group",
      "name": "billingadmins",
      "provider": "provider[\"registry.terraform.io/hashicorp/aws\"]",
      "instances": [
        {
          "schema_version": 0,
          "attributes": {
            "arn": "arn:aws:iam::373822708689:group/billingadmins",
            "id": "billingadmins",
            "name": "billingadmins",
            "path": "/",
            "unique_id": "AGPAVOCMR3PIXAGHTTB4G"
          },
          "sensitive_attributes": [],
          "private": "bnVsbA=="
        }
      ]
    },
    {
      "mode": "managed",
      "type": "aws_iam_group_policy_attachment",
      "name": "policy-attach1",
      "provider": "provider[\"registry.terraform.io/hashicorp/aws\"]",
      "instances": [
        {
          "schema_version": 0,
          "attributes": {
            "group": "billingadmins",
            "id": "billingadmins-20220420163818837600000001",
            "policy_arn": "arn:aws:iam::aws:policy/job-function/Billing"
          },
          "sensitive_attributes": [],
          "private": "bnVsbA==",
          "dependencies": [
            "aws_iam_group.billingadmins"
          ]
        }
      ]
    },
    {
      "mode": "managed",
      "type": "aws_iam_group_policy_attachment",
      "name": "policy-attach2",
      "provider": "provider[\"registry.terraform.io/hashicorp/aws\"]",
      "instances": [
        {
          "schema_version": 0,
          "attributes": {
            "group": "billingadmins",
            "id": "billingadmins-20220420163818843500000002",
            "policy_arn": "arn:aws:iam::aws:policy/IAMUserChangePassword"
          },
          "sensitive_attributes": [],
          "private": "bnVsbA==",
          "dependencies": [
            "aws_iam_group.billingadmins"
          ]
        }
      ]
    },
    {
      "mode": "managed",
      "type": "aws_iam_user",
      "name": "billinguser",
      "provider": "provider[\"registry.terraform.io/hashicorp/aws\"]",
      "instances": [
        {
          "schema_version": 0,
          "attributes": {
            "arn": "arn:aws:iam::373822708689:user/billinguser",
            "force_destroy": false,
            "id": "billinguser",
            "name": "billinguser",
            "path": "/",
            "permissions_boundary": null,
            "tags": null,
            "tags_all": {},
            "unique_id": "AIDAVOCMR3PISYZ7GYQVK"
          },
          "sensitive_attributes": [],
          "private": "bnVsbA=="
        }
      ]
    },
    {
      "mode": "managed",
      "type": "aws_iam_user_group_membership",
      "name": "user-group",
      "provider": "provider[\"registry.terraform.io/hashicorp/aws\"]",
      "instances": [
        {
          "schema_version": 0,
          "attributes": {
            "groups": [
              "billingadmins"
            ],
            "id": "terraform-20220420163818990600000003",
            "user": "billinguser"
          },
          "sensitive_attributes": [],
          "private": "bnVsbA==",
          "dependencies": [
            "aws_iam_group.billingadmins",
            "aws_iam_user.billinguser"
          ]
        }
      ]
    },
    {
      "mode": "managed",
      "type": "aws_iam_user_login_profile",
      "name": "user-login-profile",
      "provider": "provider[\"registry.terraform.io/hashicorp/aws\"]",
      "instances": [
        {
          "schema_version": 0,
          "attributes": {
            "encrypted_password": null,
            "id": "billinguser",
            "key_fingerprint": null,
            "password": "v03I2LytT4dra!|DPe+j",
            "password_length": 20,
            "password_reset_required": null,
            "pgp_key": null,
            "user": "billinguser"
          },
          "sensitive_attributes": [],
          "private": "bnVsbA==",
          "dependencies": [
            "aws_iam_user.billinguser"
          ]
        }
      ]
    }
  ]
}
